# THIS IS AN AUTOGENERATED FILE. DO NOT EDIT THIS FILE DIRECTLY.
# yarn lockfile v1


fetch-run@^1.1.1:
  version "1.1.1"
  resolved "https://registry.yarnpkg.com/fetch-run/-/fetch-run-1.1.1.tgz#644a3be58a06c1b7d5c54f88737a08133f0044ad"
  integrity sha512-aAV3wsDp2nMIb3LodHiTr4QlCtIZvaFrb4EoHZPfQnDUc0LUPcCJV7XM+YbSjK/p4HAjmWYUQgLkdq/ot0BK5Q==
  dependencies:
    lodash.flow "^3.5.0"

lodash.flow@^3.5.0:
  version "3.5.0"
  resolved "https://registry.yarnpkg.com/lodash.flow/-/lodash.flow-3.5.0.tgz#87bf40292b8cf83e4e8ce1a3ae4209e20071675a"
  integrity sha1-h79AKSuM+D5OjOGjrkIJ4gBxZ1o=
