# THIS IS AN AUTOGENERATED FILE. DO NOT EDIT THIS FILE DIRECTLY.
# yarn lockfile v1


console.groups@^0.1.3:
  version "0.1.3"
  resolved "https://registry.yarnpkg.com/console.groups/-/console.groups-0.1.3.tgz#29b0a509569d1789ca63c52f2af0ca884a22efed"
  integrity sha512-sKa+wSdCiew27R6FBEsoLGiy3Z1H0twYgTU+CYHZ8RCl9wuUMD5rNCSvZBi1XMy2F0QYByh1uUrOU5F+oNbyGQ==
  dependencies:
    console.unicorn "^0.1.1"

console.unicorn@^0.1.1:
  version "0.1.1"
  resolved "https://registry.yarnpkg.com/console.unicorn/-/console.unicorn-0.1.1.tgz#477b8178439144bc03b534008eef057dfb7bf3d4"
  integrity sha512-frvYTGRrojgf82A7wqpxNdAgntZv66v1VHbvWZ0qHRtnpa3VJ7wGR+elyiW8z+DEOmSAFCq7Rlg2+SAeBTXNWg==

fetch-run@^1.1.6:
  version "1.1.6"
  resolved "https://registry.yarnpkg.com/fetch-run/-/fetch-run-1.1.6.tgz#55fec3616386328837d7e016aa692dd48632e8ed"
  integrity sha512-d0DJvREKA7f3XCAg+NRvEs0FB+4Uwy1xz90BU3t90HnaBZgBzQJT+D4BDbse2CUuYEGxNoXc79s0e7ZDxtB4Yw==
