# THIS IS AN AUTOGENERATED FILE. DO NOT EDIT THIS FILE DIRECTLY.
# yarn lockfile v1


fetch-run@^1.1.4:
  version "1.1.4"
  resolved "https://registry.yarnpkg.com/fetch-run/-/fetch-run-1.1.4.tgz#419d5db3bde818e72be66e9196f37b58df7425db"
  integrity sha512-Vcgdzu78Pq6jmpUFZLU9Oc/l/4+7dAbVT/lllFnm5DhEMotFcltxHJ13VCZQzOhQ2ZwWpiq9M66l0PDLF3fWEQ==
