# THIS IS AN AUTOGENERATED FILE. DO NOT EDIT THIS FILE DIRECTLY.
# yarn lockfile v1


"@rnna/navigator@latest":
  version "0.3.0-alpha.25"
  resolved "https://registry.yarnpkg.com/@rnna/navigator/-/navigator-0.3.0-alpha.25.tgz#2e36bc1162c917398b7424d015e390fa7b634959"
  integrity sha512-a0QxShXSiF7fYnw2VB/u0a7w76mm5GmNBesF3+wH636MmP1ZjtcevgXgBrLIInUUW3xtl8fvo6Jtis+DSqUU/A==
  dependencies:
    lodash.isplainobject "4.x"

lodash.isplainobject@4.x:
  version "4.0.6"
  resolved "https://registry.yarnpkg.com/lodash.isplainobject/-/lodash.isplainobject-4.0.6.tgz#7c526a52d89b45c45cc690b88163be0497f550cb"
  integrity sha1-fFJqUtibRcRcxpC4gWO+BJf1UMs=
