# THIS IS AN AUTOGENERATED FILE. DO NOT EDIT THIS FILE DIRECTLY.
# yarn lockfile v1


immer@8.x:
  version "8.0.4"
  resolved "https://registry.yarnpkg.com/immer/-/immer-8.0.4.tgz#3a21605a4e2dded852fb2afd208ad50969737b7a"
  integrity sha512-jMfL18P+/6P6epANRvRk6q8t+3gGhqsJ9EuJ25AXE+9bNTYtssvzeYbEd0mXRYWCmmXSIbnlpz6vd6iJlmGGGQ==

normalizr@3.6.x:
  version "3.6.1"
  resolved "https://registry.yarnpkg.com/normalizr/-/normalizr-3.6.1.tgz#d367ab840e031ff382141b8d81ce279292ff69fe"
  integrity sha512-8iEmqXmPtll8PwbEFrbPoDxVw7MKnNvt3PZzR2Xvq9nggEEOgBlNICPXYzyZ4w4AkHUzCU998mdatER3n2VaMA==

pluralize@8.0.x:
  version "8.0.0"
  resolved "https://registry.yarnpkg.com/pluralize/-/pluralize-8.0.0.tgz#1a6fa16a38d12a1901e0320fa017051c539ce3b1"
  integrity sha512-Nc3IT5yHzflTfbjgqWcCPpo7DaKy4FnpB0l/zCAW0Tc7jxAiuqSxHasntB3D7887LSrA93kDJ9IXovxJYxyLCA==

re-reselect@4.0.x:
  version "4.0.0"
  resolved "https://registry.yarnpkg.com/re-reselect/-/re-reselect-4.0.0.tgz#9ddec4c72c4d952f68caa5aa4b76a9ed38b75cac"
  integrity sha512-wuygyq8TXUlSdVXv2kigXxQNOgdb9m7LbIjwfTNGSpaY1riLd5e+VeQjlQMyUtrk0oiyhi1AqIVynworl3qxHA==
