# THIS IS AN AUTOGENERATED FILE. DO NOT EDIT THIS FILE DIRECTLY.
# yarn lockfile v1


react-native-col@^1:
  version "1.1.2"
  resolved "https://registry.yarnpkg.com/react-native-col/-/react-native-col-1.1.2.tgz#f8962a4e604db3e60aef76c679f7e94b5bbf8b4b"
  integrity sha512-ofe3P+248IJpui7xzhBu0tOjRZiLIPV/3RC3GLvwYDWC8cDZfp3nJyYsPvowtDcDrzaE1w3c6yR/oWU7Tu0vmA==

react-native-spacing@^0.4:
  version "0.4.0"
  resolved "https://registry.yarnpkg.com/react-native-spacing/-/react-native-spacing-0.4.0.tgz#cd1a71ae76b78793cb066f546c0b2571a31458c7"
  integrity sha512-ZB00TMP8uBMzM+qxep2ApiaxM3CFbeNQpAlv/ZUgTVwGEA2sFmm1olziKpY8T1ftyuWmJzYTWkcPS6DMUBadcQ==
