# THIS IS AN AUTOGENERATED FILE. DO NOT EDIT THIS FILE DIRECTLY.
# yarn lockfile v1


"@types/lodash.mapvalues@^4.6.7":
  version "4.6.7"
  resolved "https://registry.yarnpkg.com/@types/lodash.mapvalues/-/lodash.mapvalues-4.6.7.tgz#a1459b4353c769696b6735f19246753fd25ffc3a"
  integrity sha512-yGTo9zD60Iw1Q+YBvx4Ad7RDj5rA6EpvYTpVPVsfe6pwHcwDcGChSqL1n2sPBMbCeHJ3R5kcaqpkdlrFe/y4Vg==
  dependencies:
    "@types/lodash" "*"

"@types/lodash@*":
  version "4.14.182"
  resolved "https://registry.yarnpkg.com/@types/lodash/-/lodash-4.14.182.tgz#05301a4d5e62963227eaafe0ce04dd77c54ea5c2"
  integrity sha512-/THyiqyQAP9AfARo4pF+aCGcyiQ94tX/Is2I7HofNRqoYLgN1PBoOWu2/zTA5zMxzP5EFutMtWtGAFRKUe961Q==

decode-uri-component@^0.2.0:
  version "0.2.0"
  resolved "https://registry.yarnpkg.com/decode-uri-component/-/decode-uri-component-0.2.0.tgz#eb3913333458775cb84cd1a1fae062106bb87545"
  integrity sha512-hjf+xovcEn31w/EUYdTXQh/8smFL/dzYjohQGEIgjyNavaJfBY2p5F527Bo1VPATxv0VYTUC2bOcXvqFwk78Og==

fetch-run@^2.1.1:
  version "2.1.1"
  resolved "https://registry.yarnpkg.com/fetch-run/-/fetch-run-2.1.1.tgz#6aacdc3b39a900ce95016bcf68f1172eb36e46b1"
  integrity sha512-o+wuGKdu1rTlgU+P++zMui/jlm+WUjOSAyZluTwPJZZmLE0xfB8KGnviFj6j2T9gHqUobrLDyUfhmboK/tc9MQ==
  dependencies:
    query-string "^7.1.1"

filter-obj@^1.1.0:
  version "1.1.0"
  resolved "https://registry.yarnpkg.com/filter-obj/-/filter-obj-1.1.0.tgz#9b311112bc6c6127a16e016c6c5d7f19e0805c5b"
  integrity sha512-8rXg1ZnX7xzy2NGDVkBVaAy+lSlPNwad13BtgSlLuxfIslyt5Vg64U7tFcCt4WS1R0hvtnQybT/IyCkGZ3DpXQ==

lodash.mapvalues@^4.6.0:
  version "4.6.0"
  resolved "https://registry.yarnpkg.com/lodash.mapvalues/-/lodash.mapvalues-4.6.0.tgz#1bafa5005de9dd6f4f26668c30ca37230cc9689c"
  integrity sha512-JPFqXFeZQ7BfS00H58kClY7SPVeHertPE0lNuCyZ26/XlN8TvakYD7b9bGyNmXbT/D3BbtPAAmq90gPWqLkxlQ==

query-string@^7.1.1:
  version "7.1.1"
  resolved "https://registry.yarnpkg.com/query-string/-/query-string-7.1.1.tgz#754620669db978625a90f635f12617c271a088e1"
  integrity sha512-MplouLRDHBZSG9z7fpuAAcI7aAYjDLhtsiVZsevsfaHWDS2IDdORKbSd1kWUA+V4zyva/HZoSfpwnYMMQDhb0w==
  dependencies:
    decode-uri-component "^0.2.0"
    filter-obj "^1.1.0"
    split-on-first "^1.0.0"
    strict-uri-encode "^2.0.0"

react-native-col@^2.0.0-5, react-native-col@^2.0.1:
  version "2.0.1"
  resolved "https://registry.yarnpkg.com/react-native-col/-/react-native-col-2.0.1.tgz#07d013abaa23557ba46fdf52f57d7be5a8e40e2a"
  integrity sha512-+fwzvxJHVwXW/xJJtbxfakJ6GhnZFQFOWnWuW4eur087CJOpz2690js0LOzc2aEsbLYOsZv+fYszCJUEyJIwtQ==

react-native-themesheet@^0.0.1:
  version "0.0.1"
  resolved "https://registry.yarnpkg.com/react-native-themesheet/-/react-native-themesheet-0.0.1.tgz#629e4074cd493b3b5204624415872ccc4ef87788"
  integrity sha512-m+ZWi8WPsBXkWA7iWb6iNZpQ3C/1JOTpUTub1Y9a2/LL7aAYe9Lc/ZzkkLPjFOtkxe+VKeNpytOQTKLJWydArA==
  dependencies:
    lodash.mapvalues "^4.6.0"
    react-native-col "^2.0.0-5"

split-on-first@^1.0.0:
  version "1.1.0"
  resolved "https://registry.yarnpkg.com/split-on-first/-/split-on-first-1.1.0.tgz#f610afeee3b12bce1d0c30425e76398b78249a5f"
  integrity sha512-43ZssAJaMusuKWL8sKUBQXHWOpq8d6CfN/u1p4gUzfJkM05C8rxTmYrkIPTXapZpORA6LkkzcUulJ8FqA7Uudw==

strict-uri-encode@^2.0.0:
  version "2.0.0"
  resolved "https://registry.yarnpkg.com/strict-uri-encode/-/strict-uri-encode-2.0.0.tgz#b9c7330c7042862f6b142dc274bbcc5866ce3546"
  integrity sha512-QwiXZgpRcKkhTj2Scnn++4PKtWsH0kpzZ62L2R6c/LUVYv7hVnZqcg2+sMuT6R7Jusu1vviK/MFsu6kNJfWlEQ==
