# THIS IS AN AUTOGENERATED FILE. DO NOT EDIT THIS FILE DIRECTLY.
# yarn lockfile v1


"@types/lodash.mapvalues@^4.6.7":
  version "4.6.7"
  resolved "https://registry.yarnpkg.com/@types/lodash.mapvalues/-/lodash.mapvalues-4.6.7.tgz#a1459b4353c769696b6735f19246753fd25ffc3a"
  integrity sha512-yGTo9zD60Iw1Q+YBvx4Ad7RDj5rA6EpvYTpVPVsfe6pwHcwDcGChSqL1n2sPBMbCeHJ3R5kcaqpkdlrFe/y4Vg==
  dependencies:
    "@types/lodash" "*"

"@types/lodash@*":
  version "4.14.182"
  resolved "https://registry.yarnpkg.com/@types/lodash/-/lodash-4.14.182.tgz#05301a4d5e62963227eaafe0ce04dd77c54ea5c2"
  integrity sha512-/THyiqyQAP9AfARo4pF+aCGcyiQ94tX/Is2I7HofNRqoYLgN1PBoOWu2/zTA5zMxzP5EFutMtWtGAFRKUe961Q==

lodash.mapvalues@^4.6.0:
  version "4.6.0"
  resolved "https://registry.yarnpkg.com/lodash.mapvalues/-/lodash.mapvalues-4.6.0.tgz#1bafa5005de9dd6f4f26668c30ca37230cc9689c"
  integrity sha512-JPFqXFeZQ7BfS00H58kClY7SPVeHertPE0lNuCyZ26/XlN8TvakYD7b9bGyNmXbT/D3BbtPAAmq90gPWqLkxlQ==

react-native-col@2.0.0-4:
  version "2.0.0-4"
  resolved "https://registry.yarnpkg.com/react-native-col/-/react-native-col-2.0.0-4.tgz#b2551ca0d144a79cccce7418f8f70ef24ed8eb84"
  integrity sha512-w7OA7QcP3LP5HhkVEWCgkf6Vp1hGGy32Rl8iwBLAn+adjOuq4P9ynbx/GuXCdxOVNtFNJJF9xaM5+I1mCM/VRQ==
