# THIS IS AN AUTOGENERATED FILE. DO NOT EDIT THIS FILE DIRECTLY.
# yarn lockfile v1


"@rnna/navigator@latest":
  version "0.3.0-alpha.21"
  resolved "https://registry.yarnpkg.com/@rnna/navigator/-/navigator-0.3.0-alpha.21.tgz#a8832de78970234f27431fc73530bbe086183866"
  integrity sha512-fgYm8hHWlVpfiMHw4+fWe1TMruxsnXp9SIYzeucmkM1V9T7bU13y+BOuURAU/ihlyVHkiOf3Y9pxPoSj4qgLhQ==
  dependencies:
    lodash.isplainobject "4.x"

lodash.isplainobject@4.x:
  version "4.0.6"
  resolved "https://registry.yarnpkg.com/lodash.isplainobject/-/lodash.isplainobject-4.0.6.tgz#7c526a52d89b45c45cc690b88163be0497f550cb"
  integrity sha1-fFJqUtibRcRcxpC4gWO+BJf1UMs=
